// !$*UTF8*$!
{
	archiveVersion = 1;
	classes = {
	};
	objectVersion = 46;
	objects = {

/* Begin PBXBuildFile section */
		250AA4D921F153E58CDC8F62 /* libPods-AC-FinalTest.a in Frameworks */ = {isa = PBXBuildFile; fileRef = 9121D49F85F6BC2BDBA8CECB /* libPods-AC-FinalTest.a */; };
		A7E007221B68B20800207EA7 /* main.m in Sources */ = {isa = PBXBuildFile; fileRef = A7E007211B68B20800207EA7 /* main.m */; };
		A7E007251B68B20800207EA7 /* AppDelegate.m in Sources */ = {isa = PBXBuildFile; fileRef = A7E007241B68B20800207EA7 /* AppDelegate.m */; };
		A7E007281B68B20800207EA7 /* AC_FinalTest.xcdatamodeld in Sources */ = {isa = PBXBuildFile; fileRef = A7E007261B68B20800207EA7 /* AC_FinalTest.xcdatamodeld */; };
		A7E0072B1B68B20800207EA7 /* ViewController.m in Sources */ = {isa = PBXBuildFile; fileRef = A7E0072A1B68B20800207EA7 /* ViewController.m */; };
		A7E0072E1B68B20800207EA7 /* Main.storyboard in Resources */ = {isa = PBXBuildFile; fileRef = A7E0072C1B68B20800207EA7 /* Main.storyboard */; };
		A7E007301B68B20800207EA7 /* Images.xcassets in Resources */ = {isa = PBXBuildFile; fileRef = A7E0072F1B68B20800207EA7 /* Images.xcassets */; };
		A7E007331B68B20800207EA7 /* LaunchScreen.xib in Resources */ = {isa = PBXBuildFile; fileRef = A7E007311B68B20800207EA7 /* LaunchScreen.xib */; };
		A7E0073F1B68B20800207EA7 /* AC_FinalTestTests.m in Sources */ = {isa = PBXBuildFile; fileRef = A7E0073E1B68B20800207EA7 /* AC_FinalTestTests.m */; };
		A7E007501B6913B400207EA7 /* Singleton.m in Sources */ = {isa = PBXBuildFile; fileRef = A7E0074F1B6913B400207EA7 /* Singleton.m */; };
		A7E007531B69218B00207EA7 /* TableViewController.m in Sources */ = {isa = PBXBuildFile; fileRef = A7E007521B69218B00207EA7 /* TableViewController.m */; };
/* End PBXBuildFile section */

/* Begin PBXContainerItemProxy section */
		A7E007391B68B20800207EA7 /* PBXContainerItemProxy */ = {
			isa = PBXContainerItemProxy;
			containerPortal = A7E007141B68B20800207EA7 /* Project object */;
			proxyType = 1;
			remoteGlobalIDString = A7E0071B1B68B20800207EA7;
			remoteInfo = "AC-FinalTest";
		};
/* End PBXContainerItemProxy section */

/* Begin PBXFileReference section */
		04D85C93EC6A16BE5A136563 /* Pods-AC-FinalTest.release.xcconfig */ = {isa = PBXFileReference; includeInIndex = 1; lastKnownFileType = text.xcconfig; name = "Pods-AC-FinalTest.release.xcconfig"; path = "Pods/Target Support Files/Pods-AC-FinalTest/Pods-AC-FinalTest.release.xcconfig"; sourceTree = "<group>"; };
		37B3DB91C55A15076005E319 /* Pods-AC-FinalTest.debug.xcconfig */ = {isa = PBXFileReference; includeInIndex = 1; lastKnownFileType = text.xcconfig; name = "Pods-AC-FinalTest.debug.xcconfig"; path = "Pods/Target Support Files/Pods-AC-FinalTest/Pods-AC-FinalTest.debug.xcconfig"; sourceTree = "<group>"; };
		9121D49F85F6BC2BDBA8CECB /* libPods-AC-FinalTest.a */ = {isa = PBXFileReference; explicitFileType = archive.ar; includeInIndex = 0; path = "libPods-AC-FinalTest.a"; sourceTree = BUILT_PRODUCTS_DIR; };
		A7E0071C1B68B20800207EA7 /* AC-FinalTest.app */ = {isa = PBXFileReference; explicitFileType = wrapper.application; includeInIndex = 0; path = "AC-FinalTest.app"; sourceTree = BUILT_PRODUCTS_DIR; };
		A7E007201B68B20800207EA7 /* Info.plist */ = {isa = PBXFileReference; lastKnownFileType = text.plist.xml; path = Info.plist; sourceTree = "<group>"; };
		A7E007211B68B20800207EA7 /* main.m */ = {isa = PBXFileReference; lastKnownFileType = sourcecode.c.objc; path = main.m; sourceTree = "<group>"; };
		A7E007231B68B20800207EA7 /* AppDelegate.h */ = {isa = PBXFileReference; lastKnownFileType = sourcecode.c.h; path = AppDelegate.h; sourceTree = "<group>"; };
		A7E007241B68B20800207EA7 /* AppDelegate.m */ = {isa = PBXFileReference; lastKnownFileType = sourcecode.c.objc; path = AppDelegate.m; sourceTree = "<group>"; };
		A7E007271B68B20800207EA7 /* AC_FinalTest.xcdatamodel */ = {isa = PBXFileReference; lastKnownFileType = wrapper.xcdatamodel; path = AC_FinalTest.xcdatamodel; sourceTree = "<group>"; };
		A7E007291B68B20800207EA7 /* ViewController.h */ = {isa = PBXFileReference; lastKnownFileType = sourcecode.c.h; path = ViewController.h; sourceTree = "<group>"; };
		A7E0072A1B68B20800207EA7 /* ViewController.m */ = {isa = PBXFileReference; lastKnownFileType = sourcecode.c.objc; path = ViewController.m; sourceTree = "<group>"; };
		A7E0072D1B68B20800207EA7 /* Base */ = {isa = PBXFileReference; lastKnownFileType = file.storyboard; name = Base; path = Base.lproj/Main.storyboard; sourceTree = "<group>"; };
		A7E0072F1B68B20800207EA7 /* Images.xcassets */ = {isa = PBXFileReference; lastKnownFileType = folder.assetcatalog; path = Images.xcassets; sourceTree = "<group>"; };
		A7E007321B68B20800207EA7 /* Base */ = {isa = PBXFileReference; lastKnownFileType = file.xib; name = Base; path = Base.lproj/LaunchScreen.xib; sourceTree = "<group>"; };
		A7E007381B68B20800207EA7 /* AC-FinalTestTests.xctest */ = {isa = PBXFileReference; explicitFileType = wrapper.cfbundle; includeInIndex = 0; path = "AC-FinalTestTests.xctest"; sourceTree = BUILT_PRODUCTS_DIR; };
		A7E0073D1B68B20800207EA7 /* Info.plist */ = {isa = PBXFileReference; lastKnownFileType = text.plist.xml; path = Info.plist; sourceTree = "<group>"; };
		A7E0073E1B68B20800207EA7 /* AC_FinalTestTests.m */ = {isa = PBXFileReference; lastKnownFileType = sourcecode.c.objc; path = AC_FinalTestTests.m; sourceTree = "<group>"; };
		A7E0074E1B6913B400207EA7 /* Singleton.h */ = {isa = PBXFileReference; fileEncoding = 4; lastKnownFileType = sourcecode.c.h; path = Singleton.h; sourceTree = "<group>"; };
		A7E0074F1B6913B400207EA7 /* Singleton.m */ = {isa = PBXFileReference; fileEncoding = 4; lastKnownFileType = sourcecode.c.objc; path = Singleton.m; sourceTree = "<group>"; };
		A7E007511B69218B00207EA7 /* TableViewController.h */ = {isa = PBXFileReference; fileEncoding = 4; lastKnownFileType = sourcecode.c.h; path = TableViewController.h; sourceTree = "<group>"; };
		A7E007521B69218B00207EA7 /* TableViewController.m */ = {isa = PBXFileReference; fileEncoding = 4; lastKnownFileType = sourcecode.c.objc; path = TableViewController.m; sourceTree = "<group>"; };
/* End PBXFileReference section */

/* Begin PBXFrameworksBuildPhase section */
		A7E007191B68B20800207EA7 /* Frameworks */ = {
			isa = PBXFrameworksBuildPhase;
			buildActionMask = 2147483647;
			files = (
				250AA4D921F153E58CDC8F62 /* libPods-AC-FinalTest.a in Frameworks */,
			);
			runOnlyForDeploymentPostprocessing = 0;
		};
		A7E007351B68B20800207EA7 /* Frameworks */ = {
			isa = PBXFrameworksBuildPhase;
			buildActionMask = 2147483647;
			files = (
			);
			runOnlyForDeploymentPostprocessing = 0;
		};
/* End PBXFrameworksBuildPhase section */

/* Begin PBXGroup section */
		0F14074F4CF8D8974198A7A2 /* Pods */ = {
			isa = PBXGroup;
			children = (
				37B3DB91C55A15076005E319 /* Pods-AC-FinalTest.debug.xcconfig */,
				04D85C93EC6A16BE5A136563 /* Pods-AC-FinalTest.release.xcconfig */,
			);
			name = Pods;
			sourceTree = "<group>";
		};
		A7E007131B68B20800207EA7 = {
			isa = PBXGroup;
			children = (
				A7E0071E1B68B20800207EA7 /* AC-FinalTest */,
				A7E0073B1B68B20800207EA7 /* AC-FinalTestTests */,
				A7E0071D1B68B20800207EA7 /* Products */,
				0F14074F4CF8D8974198A7A2 /* Pods */,
				EFF424FC393CB12128CB634E /* Frameworks */,
			);
			sourceTree = "<group>";
		};
		A7E0071D1B68B20800207EA7 /* Products */ = {
			isa = PBXGroup;
			children = (
				A7E0071C1B68B20800207EA7 /* AC-FinalTest.app */,
				A7E007381B68B20800207EA7 /* AC-FinalTestTests.xctest */,
			);
			name = Products;
			sourceTree = "<group>";
		};
		A7E0071E1B68B20800207EA7 /* AC-FinalTest */ = {
			isa = PBXGroup;
			children = (
				A7E007231B68B20800207EA7 /* AppDelegate.h */,
				A7E007241B68B20800207EA7 /* AppDelegate.m */,
				A7E007291B68B20800207EA7 /* ViewController.h */,
				A7E0072A1B68B20800207EA7 /* ViewController.m */,
				A7E007511B69218B00207EA7 /* TableViewController.h */,
				A7E007521B69218B00207EA7 /* TableViewController.m */,
				A7E0072C1B68B20800207EA7 /* Main.storyboard */,
				A7E0072F1B68B20800207EA7 /* Images.xcassets */,
				A7E007311B68B20800207EA7 /* LaunchScreen.xib */,
				A7E007261B68B20800207EA7 /* AC_FinalTest.xcdatamodeld */,
				A7E0071F1B68B20800207EA7 /* Supporting Files */,
				A7E0074E1B6913B400207EA7 /* Singleton.h */,
				A7E0074F1B6913B400207EA7 /* Singleton.m */,
			);
			path = "AC-FinalTest";
			sourceTree = "<group>";
		};
		A7E0071F1B68B20800207EA7 /* Supporting Files */ = {
			isa = PBXGroup;
			children = (
				A7E007201B68B20800207EA7 /* Info.plist */,
				A7E007211B68B20800207EA7 /* main.m */,
			);
			name = "Supporting Files";
			sourceTree = "<group>";
		};
		A7E0073B1B68B20800207EA7 /* AC-FinalTestTests */ = {
			isa = PBXGroup;
			children = (
				A7E0073E1B68B20800207EA7 /* AC_FinalTestTests.m */,
				A7E0073C1B68B20800207EA7 /* Supporting Files */,
			);
			path = "AC-FinalTestTests";
			sourceTree = "<group>";
		};
		A7E0073C1B68B20800207EA7 /* Supporting Files */ = {
			isa = PBXGroup;
			children = (
				A7E0073D1B68B20800207EA7 /* Info.plist */,
			);
			name = "Supporting Files";
			sourceTree = "<group>";
		};
		EFF424FC393CB12128CB634E /* Frameworks */ = {
			isa = PBXGroup;
			children = (
				9121D49F85F6BC2BDBA8CECB /* libPods-AC-FinalTest.a */,
			);
			name = Frameworks;
			sourceTree = "<group>";
		};
/* End PBXGroup section */

/* Begin PBXNativeTarget section */
		A7E0071B1B68B20800207EA7 /* AC-FinalTest */ = {
			isa = PBXNativeTarget;
			buildConfigurationList = A7E007421B68B20900207EA7 /* Build configuration list for PBXNativeTarget "AC-FinalTest" */;
			buildPhases = (
				84783C1E36BAEF718EB35D36 /* Check Pods Manifest.lock */,
				A7E007181B68B20800207EA7 /* Sources */,
				A7E007191B68B20800207EA7 /* Frameworks */,
				A7E0071A1B68B20800207EA7 /* Resources */,
				F6F8523D668A308DD07682CF /* Copy Pods Resources */,
			);
			buildRules = (
			);
			dependencies = (
			);
			name = "AC-FinalTest";
			productName = "AC-FinalTest";
			productReference = A7E0071C1B68B20800207EA7 /* AC-FinalTest.app */;
			productType = "com.apple.product-type.application";
		};
		A7E007371B68B20800207EA7 /* AC-FinalTestTests */ = {
			isa = PBXNativeTarget;
			buildConfigurationList = A7E007451B68B20900207EA7 /* Build configuration list for PBXNativeTarget "AC-FinalTestTests" */;
			buildPhases = (
				A7E007341B68B20800207EA7 /* Sources */,
				A7E007351B68B20800207EA7 /* Frameworks */,
				A7E007361B68B20800207EA7 /* Resources */,
			);
			buildRules = (
			);
			dependencies = (
				A7E0073A1B68B20800207EA7 /* PBXTargetDependency */,
			);
			name = "AC-FinalTestTests";
			productName = "AC-FinalTestTests";
			productReference = A7E007381B68B20800207EA7 /* AC-FinalTestTests.xctest */;
			productType = "com.apple.product-type.bundle.unit-test";
		};
/* End PBXNativeTarget section */

/* Begin PBXProject section */
		A7E007141B68B20800207EA7 /* Project object */ = {
			isa = PBXProject;
			attributes = {
				LastUpgradeCheck = 0630;
				ORGANIZATIONNAME = lalaleelala;
				TargetAttributes = {
					A7E0071B1B68B20800207EA7 = {
						CreatedOnToolsVersion = 6.3.2;
					};
					A7E007371B68B20800207EA7 = {
						CreatedOnToolsVersion = 6.3.2;
						TestTargetID = A7E0071B1B68B20800207EA7;
					};
				};
			};
			buildConfigurationList = A7E007171B68B20800207EA7 /* Build configuration list for PBXProject "AC-FinalTest" */;
			compatibilityVersion = "Xcode 3.2";
			developmentRegion = English;
			hasScannedForEncodings = 0;
			knownRegions = (
				en,
				Base,
			);
			mainGroup = A7E007131B68B20800207EA7;
			productRefGroup = A7E0071D1B68B20800207EA7 /* Products */;
			projectDirPath = "";
			projectRoot = "";
			targets = (
				A7E0071B1B68B20800207EA7 /* AC-FinalTest */,
				A7E007371B68B20800207EA7 /* AC-FinalTestTests */,
			);
		};
/* End PBXProject section */

/* Begin PBXResourcesBuildPhase section */
		A7E0071A1B68B20800207EA7 /* Resources */ = {
			isa = PBXResourcesBuildPhase;
			buildActionMask = 2147483647;
			files = (
				A7E0072E1B68B20800207EA7 /* Main.storyboard in Resources */,
				A7E007331B68B20800207EA7 /* LaunchScreen.xib in Resources */,
				A7E007301B68B20800207EA7 /* Images.xcassets in Resources */,
			);
			runOnlyForDeploymentPostprocessing = 0;
		};
		A7E007361B68B20800207EA7 /* Resources */ = {
			isa = PBXResourcesBuildPhase;
			buildActionMask = 2147483647;
			files = (
			);
			runOnlyForDeploymentPostprocessing = 0;
		};
/* End PBXResourcesBuildPhase section */

/* Begin PBXShellScriptBuildPhase section */
		84783C1E36BAEF718EB35D36 /* Check Pods Manifest.lock */ = {
			isa = PBXShellScriptBuildPhase;
			buildActionMask = 2147483647;
			files = (
			);
			inputPaths = (
			);
			name = "Check Pods Manifest.lock";
			outputPaths = (
			);
			runOnlyForDeploymentPostprocessing = 0;
			shellPath = /bin/sh;
			shellScript = "diff \"${PODS_ROOT}/../Podfile.lock\" \"${PODS_ROOT}/Manifest.lock\" > /dev/null\nif [[ $? != 0 ]] ; then\n    cat << EOM\nerror: The sandbox is not in sync with the Podfile.lock. Run 'pod install' or update your CocoaPods installation.\nEOM\n    exit 1\nfi\n";
			showEnvVarsInLog = 0;
		};
		F6F8523D668A308DD07682CF /* Copy Pods Resources */ = {
			isa = PBXShellScriptBuildPhase;
			buildActionMask = 2147483647;
			files = (
			);
			inputPaths = (
			);
			name = "Copy Pods Resources";
			outputPaths = (
			);
			runOnlyForDeploymentPostprocessing = 0;
			shellPath = /bin/sh;
			shellScript = "\"${SRCROOT}/Pods/Target Support Files/Pods-AC-FinalTest/Pods-AC-FinalTest-resources.sh\"\n";
			showEnvVarsInLog = 0;
		};
/* End PBXShellScriptBuildPhase section */

/* Begin PBXSourcesBuildPhase section */
		A7E007181B68B20800207EA7 /* Sources */ = {
			isa = PBXSourcesBuildPhase;
			buildActionMask = 2147483647;
			files = (
				A7E007251B68B20800207EA7 /* AppDelegate.m in Sources */,
				A7E007531B69218B00207EA7 /* TableViewController.m in Sources */,
				A7E007221B68B20800207EA7 /* main.m in Sources */,
				A7E007501B6913B400207EA7 /* Singleton.m in Sources */,
				A7E0072B1B68B20800207EA7 /* ViewController.m in Sources */,
				A7E007281B68B20800207EA7 /* AC_FinalTest.xcdatamodeld in Sources */,
			);
			runOnlyForDeploymentPostprocessing = 0;
		};
		A7E007341B68B20800207EA7 /* Sources */ = {
			isa = PBXSourcesBuildPhase;
			buildActionMask = 2147483647;
			files = (
				A7E0073F1B68B20800207EA7 /* AC_FinalTestTests.m in Sources */,
			);
			runOnlyForDeploymentPostprocessing = 0;
		};
/* End PBXSourcesBuildPhase section */

/* Begin PBXTargetDependency section */
		A7E0073A1B68B20800207EA7 /* PBXTargetDependency */ = {
			isa = PBXTargetDependency;
			target = A7E0071B1B68B20800207EA7 /* AC-FinalTest */;
			targetProxy = A7E007391B68B20800207EA7 /* PBXContainerItemProxy */;
		};
/* End PBXTargetDependency section */

/* Begin PBXVariantGroup section */
		A7E0072C1B68B20800207EA7 /* Main.storyboard */ = {
			isa = PBXVariantGroup;
			children = (
				A7E0072D1B68B20800207EA7 /* Base */,
			);
			name = Main.storyboard;
			sourceTree = "<group>";
		};
		A7E007311B68B20800207EA7 /* LaunchScreen.xib */ = {
			isa = PBXVariantGroup;
			children = (
				A7E007321B68B20800207EA7 /* Base */,
			);
			name = LaunchScreen.xib;
			sourceTree = "<group>";
		};
/* End PBXVariantGroup section */

/* Begin XCBuildConfiguration section */
		A7E007401B68B20900207EA7 /* Debug */ = {
			isa = XCBuildConfiguration;
			buildSettings = {
				ALWAYS_SEARCH_USER_PATHS = NO;
				CLANG_CXX_LANGUAGE_STANDARD = "gnu++0x";
				CLANG_CXX_LIBRARY = "libc++";
				CLANG_ENABLE_MODULES = YES;
				CLANG_ENABLE_OBJC_ARC = YES;
				CLANG_WARN_BOOL_CONVERSION = YES;
				CLANG_WARN_CONSTANT_CONVERSION = YES;
				CLANG_WARN_DIRECT_OBJC_ISA_USAGE = YES_ERROR;
				CLANG_WARN_EMPTY_BODY = YES;
				CLANG_WARN_ENUM_CONVERSION = YES;
				CLANG_WARN_INT_CONVERSION = YES;
				CLANG_WARN_OBJC_ROOT_CLASS = YES_ERROR;
				CLANG_WARN_UNREACHABLE_CODE = YES;
				CLANG_WARN__DUPLICATE_METHOD_MATCH = YES;
				"CODE_SIGN_IDENTITY[sdk=iphoneos*]" = "iPhone Developer";
				COPY_PHASE_STRIP = NO;
				DEBUG_INFORMATION_FORMAT = "dwarf-with-dsym";
				ENABLE_STRICT_OBJC_MSGSEND = YES;
				GCC_C_LANGUAGE_STANDARD = gnu99;
				GCC_DYNAMIC_NO_PIC = NO;
				GCC_NO_COMMON_BLOCKS = YES;
				GCC_OPTIMIZATION_LEVEL = 0;
				GCC_PREPROCESSOR_DEFINITIONS = (
					"DEBUG=1",
					"$(inherited)",
				);
				GCC_SYMBOLS_PRIVATE_EXTERN = NO;
				GCC_WARN_64_TO_32_BIT_CONVERSION = YES;
				GCC_WARN_ABOUT_RETURN_TYPE = YES_ERROR;
				GCC_WARN_UNDECLARED_SELECTOR = YES;
				GCC_WARN_UNINITIALIZED_AUTOS = YES_AGGRESSIVE;
				GCC_WARN_UNUSED_FUNCTION = YES;
				GCC_WARN_UNUSED_VARIABLE = YES;
				IPHONEOS_DEPLOYMENT_TARGET = 8.3;
				MTL_ENABLE_DEBUG_INFO = YES;
				ONLY_ACTIVE_ARCH = YES;
				SDKROOT = iphoneos;
				TARGETED_DEVICE_FAMILY = "1,2";
			};
			name = Debug;
		};
		A7E007411B68B20900207EA7 /* Release */ = {
			isa = XCBuildConfiguration;
			buildSettings = {
				ALWAYS_SEARCH_USER_PATHS = NO;
				CLANG_CXX_LANGUAGE_STANDARD = "gnu++0x";
				CLANG_CXX_LIBRARY = "libc++";
				CLANG_ENABLE_MODULES = YES;
				CLANG_ENABLE_OBJC_ARC = YES;
				CLANG_WARN_BOOL_CONVERSION = YES;
				CLANG_WARN_CONSTANT_CONVERSION = YES;
				CLANG_WARN_DIRECT_OBJC_ISA_USAGE = YES_ERROR;
				CLANG_WARN_EMPTY_BODY = YES;
				CLANG_WARN_ENUM_CONVERSION = YES;
				CLANG_WARN_INT_CONVERSION = YES;
				CLANG_WARN_OBJC_ROOT_CLASS = YES_ERROR;
				CLANG_WARN_UNREACHABLE_CODE = YES;
				CLANG_WARN__DUPLICATE_METHOD_MATCH = YES;
				"CODE_SIGN_IDENTITY[sdk=iphoneos*]" = "iPhone Developer";
				COPY_PHASE_STRIP = NO;
				DEBUG_INFORMATION_FORMAT = "dwarf-with-dsym";
				ENABLE_NS_ASSERTIONS = NO;
				ENABLE_STRICT_OBJC_MSGSEND = YES;
				GCC_C_LANGUAGE_STANDARD = gnu99;
				GCC_NO_COMMON_BLOCKS = YES;
				GCC_WARN_64_TO_32_BIT_CONVERSION = YES;
				GCC_WARN_ABOUT_RETURN_TYPE = YES_ERROR;
				GCC_WARN_UNDECLARED_SELECTOR = YES;
				GCC_WARN_UNINITIALIZED_AUTOS = YES_AGGRESSIVE;
				GCC_WARN_UNUSED_FUNCTION = YES;
				GCC_WARN_UNUSED_VARIABLE = YES;
				IPHONEOS_DEPLOYMENT_TARGET = 8.3;
				MTL_ENABLE_DEBUG_INFO = NO;
				SDKROOT = iphoneos;
				TARGETED_DEVICE_FAMILY = "1,2";
				VALIDATE_PRODUCT = YES;
			};
			name = Release;
		};
		A7E007431B68B20900207EA7 /* Debug */ = {
			isa = XCBuildConfiguration;
			baseConfigurationReference = 37B3DB91C55A15076005E319 /* Pods-AC-FinalTest.debug.xcconfig */;
			buildSettings = {
				ASSETCATALOG_COMPILER_APPICON_NAME = AppIcon;
				INFOPLIST_FILE = "AC-FinalTest/Info.plist";
				LD_RUNPATH_SEARCH_PATHS = "$(inherited) @executable_path/Frameworks";
				PRODUCT_NAME = "$(TARGET_NAME)";
			};
			name = Debug;
		};
		A7E007441B68B20900207EA7 /* Release */ = {
			isa = XCBuildConfiguration;
			baseConfigurationReference = 04D85C93EC6A16BE5A136563 /* Pods-AC-FinalTest.release.xcconfig */;
			buildSettings = {
				ASSETCATALOG_COMPILER_APPICON_NAME = AppIcon;
				INFOPLIST_FILE = "AC-FinalTest/Info.plist";
				LD_RUNPATH_SEARCH_PATHS = "$(inherited) @executable_path/Frameworks";
				PRODUCT_NAME = "$(TARGET_NAME)";
			};
			name = Release;
		};
		A7E007461B68B20900207EA7 /* Debug */ = {
			isa = XCBuildConfiguration;
			buildSettings = {
				BUNDLE_LOADER = "$(TEST_HOST)";
				FRAMEWORK_SEARCH_PATHS = (
					"$(SDKROOT)/Developer/Library/Frameworks",
					"$(inherited)",
				);
				GCC_PREPROCESSOR_DEFINITIONS = (
					"DEBUG=1",
					"$(inherited)",
				);
				INFOPLIST_FILE = "AC-FinalTestTests/Info.plist";
				LD_RUNPATH_SEARCH_PATHS = "$(inherited) @executable_path/Frameworks @loader_path/Frameworks";
				PRODUCT_NAME = "$(TARGET_NAME)";
				TEST_HOST = "$(BUILT_PRODUCTS_DIR)/AC-FinalTest.app/AC-FinalTest";
			};
			name = Debug;
		};
		A7E007471B68B20900207EA7 /* Release */ = {
			isa = XCBuildConfiguration;
			buildSettings = {
				BUNDLE_LOADER = "$(TEST_HOST)";
				FRAMEWORK_SEARCH_PATHS = (
					"$(SDKROOT)/Developer/Library/Frameworks",
					"$(inherited)",
				);
				INFOPLIST_FILE = "AC-FinalTestTests/Info.plist";
				LD_RUNPATH_SEARCH_PATHS = "$(inherited) @executable_path/Frameworks @loader_path/Frameworks";
				PRODUCT_NAME = "$(TARGET_NAME)";
				TEST_HOST = "$(BUILT_PRODUCTS_DIR)/AC-FinalTest.app/AC-FinalTest";
			};
			name = Release;
		};
/* End XCBuildConfiguration section */

/* Begin XCConfigurationList section */
		A7E007171B68B20800207EA7 /* Build configuration list for PBXProject "AC-FinalTest" */ = {
			isa = XCConfigurationList;
			buildConfigurations = (
				A7E007401B68B20900207EA7 /* Debug */,
				A7E007411B68B20900207EA7 /* Release */,
			);
			defaultConfigurationIsVisible = 0;
			defaultConfigurationName = Release;
		};
		A7E007421B68B20900207EA7 /* Build configuration list for PBXNativeTarget "AC-FinalTest" */ = {
			isa = XCConfigurationList;
			buildConfigurations = (
				A7E007431B68B20900207EA7 /* Debug */,
				A7E007441B68B20900207EA7 /* Release */,
			);
			defaultConfigurationIsVisible = 0;
			defaultConfigurationName = Release;
		};
		A7E007451B68B20900207EA7 /* Build configuration list for PBXNativeTarget "AC-FinalTestTests" */ = {
			isa = XCConfigurationList;
			buildConfigurations = (
				A7E007461B68B20900207EA7 /* Debug */,
				A7E007471B68B20900207EA7 /* Release */,
			);
			defaultConfigurationIsVisible = 0;
			defaultConfigurationName = Release;
		};
/* End XCConfigurationList section */

/* Begin XCVersionGroup section */
		A7E007261B68B20800207EA7 /* AC_FinalTest.xcdatamodeld */ = {
			isa = XCVersionGroup;
			children = (
				A7E007271B68B20800207EA7 /* AC_FinalTest.xcdatamodel */,
			);
			currentVersion = A7E007271B68B20800207EA7 /* AC_FinalTest.xcdatamodel */;
			path = AC_FinalTest.xcdatamodeld;
			sourceTree = "<group>";
			versionGroupType = wrapper.xcdatamodel;
		};
/* End XCVersionGroup section */
	};
	rootObject = A7E007141B68B20800207EA7 /* Project object */;
}
